
Microsoft Visual Studio Solution File, Format Version 12.00
Project("{FAE04EC0-301F-11D3-BF4B-00C04F79EFBC}") = "Example.Azure.Serverless.Api", "Example.Azure.Serverless.Api.csproj", "{75B111D5-8F4C-4873-A234-9E441D3B34B2}"
EndProject
Global
	GlobalSection(SolutionConfigurationPlatforms) = preSolution
		Debug|Any CPU = Debug|Any CPU
		Release|Any CPU = Release|Any CPU
	EndGlobalSection
	GlobalSection(ProjectConfigurationPlatforms) = postSolution
		{75B111D5-8F4C-4873-A234-9E441D3B34B2}.Debug|Any CPU.ActiveCfg = Debug|Any CPU
		{75B111D5-8F4C-4873-A234-9E441D3B34B2}.Debug|Any CPU.Build.0 = Debug|Any CPU
		{75B111D5-8F4C-4873-A234-9E441D3B34B2}.Release|Any CPU.ActiveCfg = Release|Any CPU
		{75B111D5-8F4C-4873-A234-9E441D3B34B2}.Release|Any CPU.Build.0 = Release|Any CPU
	EndGlobalSection
EndGlobal
